
Microsoft Visual Studio Solution File, Format Version 12.00
# Visual Studio Version 16
VisualStudioVersion = 16.0.31019.35
MinimumVisualStudioVersion = 10.0.40219.1
Project("{FAE04EC0-301F-11D3-BF4B-00C04F79EFBC}") = "HomeWork5", "HomeWork5\HomeWork5.csproj", "{8190F2BC-940A-4AC0-9DE3-A208231098CD}"
EndProject
Global
	GlobalSection(SolutionConfigurationPlatforms) = preSolution
		Debug|Any CPU = Debug|Any CPU
		Release|Any CPU = Release|Any CPU
	EndGlobalSection
	GlobalSection(ProjectConfigurationPlatforms) = postSolution
		{8190F2BC-940A-4AC0-9DE3-A208231098CD}.Debug|Any CPU.ActiveCfg = Debug|Any CPU
		{8190F2BC-940A-4AC0-9DE3-A208231098CD}.Debug|Any CPU.Build.0 = Debug|Any CPU
		{8190F2BC-940A-4AC0-9DE3-A208231098CD}.Release|Any CPU.ActiveCfg = Release|Any CPU
		{8190F2BC-940A-4AC0-9DE3-A208231098CD}.Release|Any CPU.Build.0 = Release|Any CPU
	EndGlobalSection
	GlobalSection(SolutionProperties) = preSolution
		HideSolutionNode = FALSE
	EndGlobalSection
	GlobalSection(ExtensibilityGlobals) = postSolution
		SolutionGuid = {1D4A5BDB-4F8C-4348-BEBF-5A067B23053F}
	EndGlobalSection
EndGlobal
