
Microsoft Visual Studio Solution File, Format Version 12.00
# Visual Studio Version 16
VisualStudioVersion = 16.0.31019.35
MinimumVisualStudioVersion = 10.0.40219.1
Project("{FAE04EC0-301F-11D3-BF4B-00C04F79EFBC}") = "HomeWork_2.1", "HomeWork_2.1\HomeWork_2.1.csproj", "{F78904EE-60FC-4808-BD2C-4202E1FF6E42}"
EndProject
Project("{FAE04EC0-301F-11D3-BF4B-00C04F79EFBC}") = "HomeWork_2.2", "HomeWork_2.2\HomeWork_2.2.csproj", "{1DC1F64D-92E2-4155-8100-B25BD072FEA0}"
EndProject
Project("{FAE04EC0-301F-11D3-BF4B-00C04F79EFBC}") = "HomeWork_2.3", "HomeWork_2.3\HomeWork_2.3.csproj", "{992BA9EC-6DA9-4F86-A613-D359BF78108F}"
EndProject
Project("{FAE04EC0-301F-11D3-BF4B-00C04F79EFBC}") = "HomeWork_2.4", "HomeWork_2.4\HomeWork_2.4.csproj", "{96DC7A82-70C2-497E-A83C-527D95BECD84}"
EndProject
Global
	GlobalSection(SolutionConfigurationPlatforms) = preSolution
		Debug|Any CPU = Debug|Any CPU
		Release|Any CPU = Release|Any CPU
	EndGlobalSection
	GlobalSection(ProjectConfigurationPlatforms) = postSolution
		{F78904EE-60FC-4808-BD2C-4202E1FF6E42}.Debug|Any CPU.ActiveCfg = Debug|Any CPU
		{F78904EE-60FC-4808-BD2C-4202E1FF6E42}.Debug|Any CPU.Build.0 = Debug|Any CPU
		{F78904EE-60FC-4808-BD2C-4202E1FF6E42}.Release|Any CPU.ActiveCfg = Release|Any CPU
		{F78904EE-60FC-4808-BD2C-4202E1FF6E42}.Release|Any CPU.Build.0 = Release|Any CPU
		{1DC1F64D-92E2-4155-8100-B25BD072FEA0}.Debug|Any CPU.ActiveCfg = Debug|Any CPU
		{1DC1F64D-92E2-4155-8100-B25BD072FEA0}.Debug|Any CPU.Build.0 = Debug|Any CPU
		{1DC1F64D-92E2-4155-8100-B25BD072FEA0}.Release|Any CPU.ActiveCfg = Release|Any CPU
		{1DC1F64D-92E2-4155-8100-B25BD072FEA0}.Release|Any CPU.Build.0 = Release|Any CPU
		{992BA9EC-6DA9-4F86-A613-D359BF78108F}.Debug|Any CPU.ActiveCfg = Debug|Any CPU
		{992BA9EC-6DA9-4F86-A613-D359BF78108F}.Debug|Any CPU.Build.0 = Debug|Any CPU
		{992BA9EC-6DA9-4F86-A613-D359BF78108F}.Release|Any CPU.ActiveCfg = Release|Any CPU
		{992BA9EC-6DA9-4F86-A613-D359BF78108F}.Release|Any CPU.Build.0 = Release|Any CPU
		{96DC7A82-70C2-497E-A83C-527D95BECD84}.Debug|Any CPU.ActiveCfg = Debug|Any CPU
		{96DC7A82-70C2-497E-A83C-527D95BECD84}.Debug|Any CPU.Build.0 = Debug|Any CPU
		{96DC7A82-70C2-497E-A83C-527D95BECD84}.Release|Any CPU.ActiveCfg = Release|Any CPU
		{96DC7A82-70C2-497E-A83C-527D95BECD84}.Release|Any CPU.Build.0 = Release|Any CPU
	EndGlobalSection
	GlobalSection(SolutionProperties) = preSolution
		HideSolutionNode = FALSE
	EndGlobalSection
	GlobalSection(ExtensibilityGlobals) = postSolution
		SolutionGuid = {FBAA7E08-80F5-4EF3-BF9D-F99AD19D3BEC}
	EndGlobalSection
EndGlobal
